---
triple:          'x86_64-apple-darwin'
binary-path:     '/Users/jzmfcz/Documents/swiftSUITE/swiftCLOCKv2/.build-x86_64/x86_64-apple-macosx/release/swiftCLOCK'
relocations:
  - { offset: 0xF4F26, size: 0x8, addend: 0x0, symName: _swiftCLOCK_main, symObjAddr: 0x0, symBinAddr: 0x1000023D0, symSize: 0x80 }
  - { offset: 0xF4F5B, size: 0x8, addend: 0x0, symName: '_$s10swiftCLOCK11AppDelegateCMa', symObjAddr: 0x80, symBinAddr: 0x100002450, symSize: 0x20 }
  - { offset: 0xF56F1, size: 0x8, addend: 0x0, symName: '_$s10swiftCLOCK13ClockFaceViewCfETo', symObjAddr: 0x2370, symBinAddr: 0x100004740, symSize: 0xB0 }
  - { offset: 0xF5720, size: 0x8, addend: 0x0, symName: '_$s10swiftCLOCK13ClockFaceViewCMU', symObjAddr: 0x2420, symBinAddr: 0x1000047F0, symSize: 0x10 }
  - { offset: 0xF5734, size: 0x8, addend: 0x0, symName: '_$s10swiftCLOCK13ClockFaceViewCMa', symObjAddr: 0x2430, symBinAddr: 0x100004800, symSize: 0x30 }
  - { offset: 0xF5748, size: 0x8, addend: 0x0, symName: '_$s10swiftCLOCK13ClockFaceViewCMr', symObjAddr: 0x2460, symBinAddr: 0x100004830, symSize: 0xF0 }
  - { offset: 0xF575C, size: 0x8, addend: 0x0, symName: '_$s10swiftCLOCK13makeClockIcon4sizeSo7NSImageCSo6CGSizeV_tF', symObjAddr: 0x2550, symBinAddr: 0x100004920, symSize: 0xE00 }
  - { offset: 0xF5CFD, size: 0x8, addend: 0x0, symName: '_$s10swiftCLOCK21AboutWindowControllerCMa', symObjAddr: 0x3C70, symBinAddr: 0x100006040, symSize: 0x20 }
  - { offset: 0xF5D11, size: 0x8, addend: 0x0, symName: '_$sSo7NSTimerCIeghg_ABIeyBhy_TR', symObjAddr: 0x48E0, symBinAddr: 0x100006CB0, symSize: 0x50 }
  - { offset: 0xF5D29, size: 0x8, addend: 0x0, symName: '_$s10swiftCLOCK11AppDelegateCfETo', symObjAddr: 0x4F10, symBinAddr: 0x1000072E0, symSize: 0x60 }
  - { offset: 0xF5D5A, size: 0x8, addend: 0x0, symName: ___swift_memcpy16_8, symObjAddr: 0x4F70, symBinAddr: 0x100007340, symSize: 0x10 }
  - { offset: 0xF5D6E, size: 0x8, addend: 0x0, symName: ___swift_noop_void_return, symObjAddr: 0x4F80, symBinAddr: 0x100007350, symSize: 0x10 }
  - { offset: 0xF5D82, size: 0x8, addend: 0x0, symName: '_$sSo6CGRectVwCP', symObjAddr: 0x5000, symBinAddr: 0x1000073D0, symSize: 0x30 }
  - { offset: 0xF5D96, size: 0x8, addend: 0x0, symName: ___swift_memcpy32_8, symObjAddr: 0x5030, symBinAddr: 0x100007400, symSize: 0x20 }
  - { offset: 0xF5DAA, size: 0x8, addend: 0x0, symName: '_$sSo6CGRectVwet', symObjAddr: 0x5050, symBinAddr: 0x100007420, symSize: 0x20 }
  - { offset: 0xF5DBE, size: 0x8, addend: 0x0, symName: '_$sSo6CGRectVwst', symObjAddr: 0x5070, symBinAddr: 0x100007440, symSize: 0x30 }
  - { offset: 0xF5DD2, size: 0x8, addend: 0x0, symName: '_$s10swiftCLOCK13ClockFaceViewC11ResizeEdges33_B2D9EB01ACD0E8A2016F5DEE59612ED0LLVMa', symObjAddr: 0x50E0, symBinAddr: 0x1000074B0, symSize: 0x10 }
  - { offset: 0xF5DE6, size: 0x8, addend: 0x0, symName: '_$s10swiftCLOCK13ClockFaceViewC11ResizeEdges33_B2D9EB01ACD0E8A2016F5DEE59612ED0LLVs10SetAlgebraAASQWb', symObjAddr: 0x50F0, symBinAddr: 0x1000074C0, symSize: 0x10 }
  - { offset: 0xF5DFA, size: 0x8, addend: 0x0, symName: '_$s10swiftCLOCK13ClockFaceViewC11ResizeEdges33_B2D9EB01ACD0E8A2016F5DEE59612ED0LLVAFSQAAWl', symObjAddr: 0x5100, symBinAddr: 0x1000074D0, symSize: 0x30 }
  - { offset: 0xF5E0E, size: 0x8, addend: 0x0, symName: '_$s10swiftCLOCK13ClockFaceViewC11ResizeEdges33_B2D9EB01ACD0E8A2016F5DEE59612ED0LLVs10SetAlgebraAAs25ExpressibleByArrayLiteralPWb', symObjAddr: 0x5130, symBinAddr: 0x100007500, symSize: 0x10 }
  - { offset: 0xF5E22, size: 0x8, addend: 0x0, symName: '_$s10swiftCLOCK13ClockFaceViewC11ResizeEdges33_B2D9EB01ACD0E8A2016F5DEE59612ED0LLVAFs25ExpressibleByArrayLiteralAAWl', symObjAddr: 0x5140, symBinAddr: 0x100007510, symSize: 0x30 }
  - { offset: 0xF5E36, size: 0x8, addend: 0x0, symName: '_$s10swiftCLOCK13ClockFaceViewC11ResizeEdges33_B2D9EB01ACD0E8A2016F5DEE59612ED0LLVs9OptionSetAASYWb', symObjAddr: 0x5170, symBinAddr: 0x100007540, symSize: 0x10 }
  - { offset: 0xF5E4A, size: 0x8, addend: 0x0, symName: '_$s10swiftCLOCK13ClockFaceViewC11ResizeEdges33_B2D9EB01ACD0E8A2016F5DEE59612ED0LLVAFSYAAWl', symObjAddr: 0x5180, symBinAddr: 0x100007550, symSize: 0x30 }
  - { offset: 0xF5E5E, size: 0x8, addend: 0x0, symName: '_$s10swiftCLOCK13ClockFaceViewC11ResizeEdges33_B2D9EB01ACD0E8A2016F5DEE59612ED0LLVs9OptionSetAAs0R7AlgebraPWb', symObjAddr: 0x51B0, symBinAddr: 0x100007580, symSize: 0x10 }
  - { offset: 0xF5E72, size: 0x8, addend: 0x0, symName: '_$s10swiftCLOCK13ClockFaceViewC11ResizeEdges33_B2D9EB01ACD0E8A2016F5DEE59612ED0LLVAFs10SetAlgebraAAWl', symObjAddr: 0x51C0, symBinAddr: 0x100007590, symSize: 0x30 }
  - { offset: 0xF5F43, size: 0x8, addend: 0x0, symName: '_$s10swiftCLOCK11AppDelegateC29applicationDidFinishLaunchingyy10Foundation12NotificationVFySo7NSTimerCYbcfU_TA', symObjAddr: 0x5550, symBinAddr: 0x100007920, symSize: 0x80 }
  - { offset: 0xF5F83, size: 0x8, addend: 0x0, symName: _block_copy_helper, symObjAddr: 0x55D0, symBinAddr: 0x1000079A0, symSize: 0x20 }
  - { offset: 0xF5F97, size: 0x8, addend: 0x0, symName: _block_destroy_helper, symObjAddr: 0x55F0, symBinAddr: 0x1000079C0, symSize: 0x10 }
  - { offset: 0xF5FB6, size: 0x8, addend: 0x0, symName: '_$ss12_ArrayBufferV19_getElementSlowPathyyXlSiFSo14NSTrackingAreaC_Tg5', symObjAddr: 0x5600, symBinAddr: 0x1000079D0, symSize: 0x1F0 }
  - { offset: 0xF6053, size: 0x8, addend: 0x0, symName: '_$ss22__RawDictionaryStorageC4findys10_HashTableV6BucketV6bucket_Sb5foundtxSHRzlFSo21NSAttributedStringKeya_Tg5', symObjAddr: 0x57F0, symBinAddr: 0x100007BC0, symSize: 0x80 }
  - { offset: 0xF60DC, size: 0x8, addend: 0x0, symName: '_$ss22__RawDictionaryStorageC4find_9hashValues10_HashTableV6BucketV6bucket_Sb5foundtx_SitSHRzlFSo21NSAttributedStringKeya_Tg5', symObjAddr: 0x5870, symBinAddr: 0x100007C40, symSize: 0x100 }
  - { offset: 0xF6206, size: 0x8, addend: 0x0, symName: '_$sSh21_nonEmptyArrayLiteralShyxGSayxG_tcfC10Foundation8CalendarV9ComponentO_Tt0g5Tf4g_n', symObjAddr: 0x5970, symBinAddr: 0x100007D40, symSize: 0x290 }
  - { offset: 0xF636F, size: 0x8, addend: 0x0, symName: ___swift_instantiateConcreteTypeFromMangledNameV2, symObjAddr: 0x6F50, symBinAddr: 0x100009320, symSize: 0x40 }
  - { offset: 0xF6383, size: 0x8, addend: 0x0, symName: '_$sSo21NSAttributedStringKeya_yptWOc', symObjAddr: 0x6FE0, symBinAddr: 0x1000093B0, symSize: 0x40 }
  - { offset: 0xF6397, size: 0x8, addend: 0x0, symName: '_$sypWOb', symObjAddr: 0x7020, symBinAddr: 0x1000093F0, symSize: 0x20 }
  - { offset: 0xF63AB, size: 0x8, addend: 0x0, symName: '_$sS2Ss7CVarArg10FoundationWl', symObjAddr: 0x7040, symBinAddr: 0x100009410, symSize: 0x30 }
  - { offset: 0xF63BF, size: 0x8, addend: 0x0, symName: '_$sSo21NSAttributedStringKeyas20_SwiftNewtypeWrapperSCSYWb', symObjAddr: 0x70D0, symBinAddr: 0x1000094A0, symSize: 0x20 }
  - { offset: 0xF63D3, size: 0x8, addend: 0x0, symName: '_$sSo21NSAttributedStringKeyas20_SwiftNewtypeWrapperSCs35_HasCustomAnyHashableRepresentationPWb', symObjAddr: 0x70F0, symBinAddr: 0x1000094C0, symSize: 0x20 }
  - { offset: 0xF63E7, size: 0x8, addend: 0x0, symName: '_$sSo21NSAttributedStringKeyaSHSCSQWb', symObjAddr: 0x7110, symBinAddr: 0x1000094E0, symSize: 0x20 }
  - { offset: 0xF682D, size: 0x8, addend: 0x0, symName: '_$s10swiftCLOCK13ClockFaceViewC11ResizeEdges33_B2D9EB01ACD0E8A2016F5DEE59612ED0LLVSQAASQ2eeoiySbx_xtFZTW', symObjAddr: 0x280, symBinAddr: 0x100002650, symSize: 0x10 }
  - { offset: 0xF6CA7, size: 0x8, addend: 0x0, symName: '_$sSo21NSAttributedStringKeyaSQSCSQ2eeoiySbx_xtFZTW', symObjAddr: 0x53F0, symBinAddr: 0x1000077C0, symSize: 0x70 }
  - { offset: 0xF6E6D, size: 0x8, addend: 0x0, symName: '_$s10swiftCLOCK13ClockFaceViewC11ResizeEdges33_B2D9EB01ACD0E8A2016F5DEE59612ED0LLVs9OptionSetAAsAGP8rawValuex03RawT0Qz_tcfCTW', symObjAddr: 0xA0, symBinAddr: 0x100002470, symSize: 0x10 }
  - { offset: 0xF6E81, size: 0x8, addend: 0x0, symName: '_$s10swiftCLOCK13ClockFaceViewC11ResizeEdges33_B2D9EB01ACD0E8A2016F5DEE59612ED0LLVSYAASY8rawValuexSg03RawR0Qz_tcfCTW', symObjAddr: 0xB0, symBinAddr: 0x100002480, symSize: 0x10 }
  - { offset: 0xF6E95, size: 0x8, addend: 0x0, symName: '_$s10swiftCLOCK13ClockFaceViewC11ResizeEdges33_B2D9EB01ACD0E8A2016F5DEE59612ED0LLVSYAASY8rawValue03RawR0QzvgTW', symObjAddr: 0xC0, symBinAddr: 0x100002490, symSize: 0x10 }
  - { offset: 0xF6EA9, size: 0x8, addend: 0x0, symName: '_$s10swiftCLOCK13ClockFaceViewC11ResizeEdges33_B2D9EB01ACD0E8A2016F5DEE59612ED0LLVs10SetAlgebraAAsAGPxycfCTW', symObjAddr: 0xD0, symBinAddr: 0x1000024A0, symSize: 0x10 }
  - { offset: 0xF6EDD, size: 0x8, addend: 0x0, symName: '_$s10swiftCLOCK13ClockFaceViewC11ResizeEdges33_B2D9EB01ACD0E8A2016F5DEE59612ED0LLVs10SetAlgebraAAsAGP5unionyxxnFTW', symObjAddr: 0xE0, symBinAddr: 0x1000024B0, symSize: 0x10 }
  - { offset: 0xF6F5A, size: 0x8, addend: 0x0, symName: '_$s10swiftCLOCK13ClockFaceViewC11ResizeEdges33_B2D9EB01ACD0E8A2016F5DEE59612ED0LLVs10SetAlgebraAAsAGP12intersectionyxxFTW', symObjAddr: 0xF0, symBinAddr: 0x1000024C0, symSize: 0x10 }
  - { offset: 0xF6FD7, size: 0x8, addend: 0x0, symName: '_$s10swiftCLOCK13ClockFaceViewC11ResizeEdges33_B2D9EB01ACD0E8A2016F5DEE59612ED0LLVs10SetAlgebraAAsAGP19symmetricDifferenceyxxnFTW', symObjAddr: 0x100, symBinAddr: 0x1000024D0, symSize: 0x10 }
  - { offset: 0xF7082, size: 0x8, addend: 0x0, symName: '_$s10swiftCLOCK13ClockFaceViewC11ResizeEdges33_B2D9EB01ACD0E8A2016F5DEE59612ED0LLVs10SetAlgebraAAsAGP6insertySb8inserted_7ElementQz17memberAfterInserttALnFTW', symObjAddr: 0x110, symBinAddr: 0x1000024E0, symSize: 0x30 }
  - { offset: 0xF71B3, size: 0x8, addend: 0x0, symName: '_$s10swiftCLOCK13ClockFaceViewC11ResizeEdges33_B2D9EB01ACD0E8A2016F5DEE59612ED0LLVs10SetAlgebraAAsAGP6removey7ElementQzSgAKFTW', symObjAddr: 0x140, symBinAddr: 0x100002510, symSize: 0x30 }
  - { offset: 0xF72C8, size: 0x8, addend: 0x0, symName: '_$s10swiftCLOCK13ClockFaceViewC11ResizeEdges33_B2D9EB01ACD0E8A2016F5DEE59612ED0LLVs10SetAlgebraAAsAGP6update4with7ElementQzSgALn_tFTW', symObjAddr: 0x170, symBinAddr: 0x100002540, symSize: 0x30 }
  - { offset: 0xF73AC, size: 0x8, addend: 0x0, symName: '_$s10swiftCLOCK13ClockFaceViewC11ResizeEdges33_B2D9EB01ACD0E8A2016F5DEE59612ED0LLVs10SetAlgebraAAsAGP9formUnionyyxnFTW', symObjAddr: 0x1A0, symBinAddr: 0x100002570, symSize: 0x10 }
  - { offset: 0xF73EA, size: 0x8, addend: 0x0, symName: '_$s10swiftCLOCK13ClockFaceViewC11ResizeEdges33_B2D9EB01ACD0E8A2016F5DEE59612ED0LLVs10SetAlgebraAAsAGP16formIntersectionyyxFTW', symObjAddr: 0x1B0, symBinAddr: 0x100002580, symSize: 0x10 }
  - { offset: 0xF7428, size: 0x8, addend: 0x0, symName: '_$s10swiftCLOCK13ClockFaceViewC11ResizeEdges33_B2D9EB01ACD0E8A2016F5DEE59612ED0LLVs10SetAlgebraAAsAGP23formSymmetricDifferenceyyxnFTW', symObjAddr: 0x1C0, symBinAddr: 0x100002590, symSize: 0x10 }
  - { offset: 0xF7474, size: 0x8, addend: 0x0, symName: '_$s10swiftCLOCK13ClockFaceViewC11ResizeEdges33_B2D9EB01ACD0E8A2016F5DEE59612ED0LLVs10SetAlgebraAAsAGP11subtractingyxxFTW', symObjAddr: 0x1D0, symBinAddr: 0x1000025A0, symSize: 0x20 }
  - { offset: 0xF7506, size: 0x8, addend: 0x0, symName: '_$s10swiftCLOCK13ClockFaceViewC11ResizeEdges33_B2D9EB01ACD0E8A2016F5DEE59612ED0LLVs10SetAlgebraAAsAGP8isSubset2ofSbx_tFTW', symObjAddr: 0x1F0, symBinAddr: 0x1000025C0, symSize: 0x20 }
  - { offset: 0xF7575, size: 0x8, addend: 0x0, symName: '_$s10swiftCLOCK13ClockFaceViewC11ResizeEdges33_B2D9EB01ACD0E8A2016F5DEE59612ED0LLVs10SetAlgebraAAsAGP10isDisjoint4withSbx_tFTW', symObjAddr: 0x210, symBinAddr: 0x1000025E0, symSize: 0x10 }
  - { offset: 0xF7607, size: 0x8, addend: 0x0, symName: '_$s10swiftCLOCK13ClockFaceViewC11ResizeEdges33_B2D9EB01ACD0E8A2016F5DEE59612ED0LLVs10SetAlgebraAAsAGP10isSuperset2ofSbx_tFTW', symObjAddr: 0x220, symBinAddr: 0x1000025F0, symSize: 0x20 }
  - { offset: 0xF7699, size: 0x8, addend: 0x0, symName: '_$s10swiftCLOCK13ClockFaceViewC11ResizeEdges33_B2D9EB01ACD0E8A2016F5DEE59612ED0LLVs10SetAlgebraAAsAGP7isEmptySbvgTW', symObjAddr: 0x240, symBinAddr: 0x100002610, symSize: 0x10 }
  - { offset: 0xF770C, size: 0x8, addend: 0x0, symName: '_$s10swiftCLOCK13ClockFaceViewC11ResizeEdges33_B2D9EB01ACD0E8A2016F5DEE59612ED0LLVs10SetAlgebraAAsAGPyxqd__ncSTRd__7ElementQyd__AIRtzlufCTW', symObjAddr: 0x250, symBinAddr: 0x100002620, symSize: 0x20 }
  - { offset: 0xF7720, size: 0x8, addend: 0x0, symName: '_$s10swiftCLOCK13ClockFaceViewC11ResizeEdges33_B2D9EB01ACD0E8A2016F5DEE59612ED0LLVs10SetAlgebraAAsAGP8subtractyyxFTW', symObjAddr: 0x270, symBinAddr: 0x100002640, symSize: 0x10 }
  - { offset: 0xF77BF, size: 0x8, addend: 0x0, symName: '_$s10swiftCLOCK13ClockFaceViewC11ResizeEdges33_B2D9EB01ACD0E8A2016F5DEE59612ED0LLVs25ExpressibleByArrayLiteralAAsAGP05arrayT0x0sT7ElementQzd_tcfCTW', symObjAddr: 0x290, symBinAddr: 0x100002660, symSize: 0x90 }
  - { offset: 0xF790B, size: 0x8, addend: 0x0, symName: '_$s10swiftCLOCK13ClockFaceViewC9isFlippedSbvgTo', symObjAddr: 0x320, symBinAddr: 0x1000026F0, symSize: 0x10 }
  - { offset: 0xF7DD4, size: 0x8, addend: 0x0, symName: '_$s10swiftCLOCK13ClockFaceViewC19updateTrackingAreasyyF', symObjAddr: 0x330, symBinAddr: 0x100002700, symSize: 0x210 }
  - { offset: 0xF7FD9, size: 0x8, addend: 0x0, symName: '_$s10swiftCLOCK13ClockFaceViewC19updateTrackingAreasyyFTo', symObjAddr: 0x540, symBinAddr: 0x100002910, symSize: 0x30 }
  - { offset: 0xF8006, size: 0x8, addend: 0x0, symName: '_$s10swiftCLOCK13ClockFaceViewC12mouseEntered4withySo7NSEventC_tFTo', symObjAddr: 0x570, symBinAddr: 0x100002940, symSize: 0x30 }
  - { offset: 0xF804D, size: 0x8, addend: 0x0, symName: '_$s10swiftCLOCK13ClockFaceViewC11mouseExited4withySo7NSEventC_tFTo', symObjAddr: 0x5A0, symBinAddr: 0x100002970, symSize: 0x90 }
  - { offset: 0xF8121, size: 0x8, addend: 0x0, symName: '_$s10swiftCLOCK13ClockFaceViewC10mouseMoved4withySo7NSEventC_tF', symObjAddr: 0x630, symBinAddr: 0x100002A00, symSize: 0x190 }
  - { offset: 0xF8444, size: 0x8, addend: 0x0, symName: '_$s10swiftCLOCK13ClockFaceViewC10mouseMoved4withySo7NSEventC_tFTo', symObjAddr: 0x7C0, symBinAddr: 0x100002B90, symSize: 0x50 }
  - { offset: 0xF8458, size: 0x8, addend: 0x0, symName: '_$s10swiftCLOCK13ClockFaceViewC9mouseDown4withySo7NSEventC_tF', symObjAddr: 0x810, symBinAddr: 0x100002BE0, symSize: 0x200 }
  - { offset: 0xF8576, size: 0x8, addend: 0x0, symName: '_$s10swiftCLOCK13ClockFaceViewC9mouseDown4withySo7NSEventC_tFTo', symObjAddr: 0xA10, symBinAddr: 0x100002DE0, symSize: 0x50 }
  - { offset: 0xF8598, size: 0x8, addend: 0x0, symName: '_$s10swiftCLOCK13ClockFaceViewC12mouseDragged4withySo7NSEventC_tF', symObjAddr: 0xA60, symBinAddr: 0x100002E30, symSize: 0x460 }
  - { offset: 0xF89A6, size: 0x8, addend: 0x0, symName: '_$s10swiftCLOCK13ClockFaceViewC12mouseDragged4withySo7NSEventC_tFTo', symObjAddr: 0xEC0, symBinAddr: 0x100003290, symSize: 0x50 }
  - { offset: 0xF89CE, size: 0x8, addend: 0x0, symName: '_$s10swiftCLOCK13ClockFaceViewC7mouseUp4withySo7NSEventC_tFTo', symObjAddr: 0xF10, symBinAddr: 0x1000032E0, symSize: 0x20 }
  - { offset: 0xF8A3A, size: 0x8, addend: 0x0, symName: '_$s10swiftCLOCK13ClockFaceViewC15showContextMenu33_B2D9EB01ACD0E8A2016F5DEE59612ED0LL4withySo7NSEventC_tF', symObjAddr: 0xF30, symBinAddr: 0x100003300, symSize: 0x420 }
  - { offset: 0xF8C09, size: 0x8, addend: 0x0, symName: '_$s10swiftCLOCK13ClockFaceViewC14rightMouseDown4withySo7NSEventC_tFTo', symObjAddr: 0x1350, symBinAddr: 0x100003720, symSize: 0x50 }
  - { offset: 0xF8E0A, size: 0x8, addend: 0x0, symName: '_$s10swiftCLOCK13ClockFaceViewC8drawDate33_B2D9EB01ACD0E8A2016F5DEE59612ED0LL6center6radius3nowySo7CGPointV_12CoreGraphics7CGFloatV10Foundation0G0VtF', symObjAddr: 0x13A0, symBinAddr: 0x100003770, symSize: 0x4E0 }
  - { offset: 0xF9179, size: 0x8, addend: 0x0, symName: '_$s10swiftCLOCK13ClockFaceViewC4drawyySo6CGRectVFTo', symObjAddr: 0x1880, symBinAddr: 0x100003C50, symSize: 0x30 }
  - { offset: 0xF91D7, size: 0x8, addend: 0x0, symName: '_$s10swiftCLOCK13ClockFaceViewC15drawTrackingEye33_B2D9EB01ACD0E8A2016F5DEE59612ED0LL7eyeRect11mouseScreen6windowySo6CGRectV_So7CGPointVSo8NSWindowCtF', symObjAddr: 0x18B0, symBinAddr: 0x100003C80, symSize: 0x420 }
  - { offset: 0xF953A, size: 0x8, addend: 0x0, symName: '_$s10swiftCLOCK13ClockFaceViewC5frameACSo6CGRectV_tcfc', symObjAddr: 0x1CD0, symBinAddr: 0x1000040A0, symSize: 0x330 }
  - { offset: 0xF9632, size: 0x8, addend: 0x0, symName: '_$s10swiftCLOCK13ClockFaceViewC5frameACSo6CGRectV_tcfcTo', symObjAddr: 0x2000, symBinAddr: 0x1000043D0, symSize: 0x30 }
  - { offset: 0xF9646, size: 0x8, addend: 0x0, symName: '_$s10swiftCLOCK13ClockFaceViewC5coderACSgSo7NSCoderC_tcfc', symObjAddr: 0x2030, symBinAddr: 0x100004400, symSize: 0x310 }
  - { offset: 0xF973E, size: 0x8, addend: 0x0, symName: '_$s10swiftCLOCK13ClockFaceViewC5coderACSgSo7NSCoderC_tcfcTo', symObjAddr: 0x2340, symBinAddr: 0x100004710, symSize: 0x30 }
  - { offset: 0xF9814, size: 0x8, addend: 0x0, symName: '_$s10swiftCLOCK21AboutWindowControllerC7appName7tagline7version4iconACSS_S2SSo7NSImageCtcfC', symObjAddr: 0x3350, symBinAddr: 0x100005720, symSize: 0x860 }
  - { offset: 0xF9B24, size: 0x8, addend: 0x0, symName: '_$s10swiftCLOCK21AboutWindowControllerC6windowACSo8NSWindowCSg_tcfcTo', symObjAddr: 0x3BB0, symBinAddr: 0x100005F80, symSize: 0x40 }
  - { offset: 0xF9B86, size: 0x8, addend: 0x0, symName: '_$s10swiftCLOCK21AboutWindowControllerC5coderACSgSo7NSCoderC_tcfcTo', symObjAddr: 0x3BF0, symBinAddr: 0x100005FC0, symSize: 0x80 }
  - { offset: 0xF9CB9, size: 0x8, addend: 0x0, symName: '_$s10swiftCLOCK11AppDelegateC29applicationDidFinishLaunchingyy10Foundation12NotificationVF', symObjAddr: 0x3C90, symBinAddr: 0x100006060, symSize: 0xC50 }
  - { offset: 0xFA129, size: 0x8, addend: 0x0, symName: '_$s10swiftCLOCK11AppDelegateC29applicationDidFinishLaunchingyy10Foundation12NotificationVFTo', symObjAddr: 0x4930, symBinAddr: 0x100006D00, symSize: 0x80 }
  - { offset: 0xFA13D, size: 0x8, addend: 0x0, symName: '_$s10swiftCLOCK11AppDelegateC12resizeWindow33_B2D9EB01ACD0E8A2016F5DEE59612ED0LL7byDeltay12CoreGraphics7CGFloatV_tF', symObjAddr: 0x49B0, symBinAddr: 0x100006D80, symSize: 0x1E0 }
  - { offset: 0xFA2A7, size: 0x8, addend: 0x0, symName: '_$s10swiftCLOCK11AppDelegateC9growClockyyFTo', symObjAddr: 0x4B90, symBinAddr: 0x100006F60, symSize: 0x30 }
  - { offset: 0xFA2E7, size: 0x8, addend: 0x0, symName: '_$s10swiftCLOCK11AppDelegateC11shrinkClockyyFTo', symObjAddr: 0x4BC0, symBinAddr: 0x100006F90, symSize: 0x30 }
  - { offset: 0xFA341, size: 0x8, addend: 0x0, symName: '_$s10swiftCLOCK11AppDelegateC15toggleColorModeyyF', symObjAddr: 0x4BF0, symBinAddr: 0x100006FC0, symSize: 0x80 }
  - { offset: 0xFA3BB, size: 0x8, addend: 0x0, symName: '_$s10swiftCLOCK11AppDelegateC15toggleColorModeyyFTo', symObjAddr: 0x4C70, symBinAddr: 0x100007040, symSize: 0x30 }
  - { offset: 0xFA3E1, size: 0x8, addend: 0x0, symName: '_$s10swiftCLOCK11AppDelegateC14showAboutPanel33_B2D9EB01ACD0E8A2016F5DEE59612ED0LLyyF', symObjAddr: 0x4CA0, symBinAddr: 0x100007070, symSize: 0x120 }
  - { offset: 0xFA44F, size: 0x8, addend: 0x0, symName: '_$s10swiftCLOCK11AppDelegateC14showAboutPanel33_B2D9EB01ACD0E8A2016F5DEE59612ED0LLyyFTo', symObjAddr: 0x4DC0, symBinAddr: 0x100007190, symSize: 0x30 }
  - { offset: 0xFA463, size: 0x8, addend: 0x0, symName: '_$s10swiftCLOCK11AppDelegateC47applicationShouldTerminateAfterLastWindowClosedySbSo13NSApplicationCFTo', symObjAddr: 0x4DF0, symBinAddr: 0x1000071C0, symSize: 0x10 }
  - { offset: 0xFA477, size: 0x8, addend: 0x0, symName: '_$s10swiftCLOCK11AppDelegateCACycfc', symObjAddr: 0x4E00, symBinAddr: 0x1000071D0, symSize: 0xB0 }
  - { offset: 0xFA49D, size: 0x8, addend: 0x0, symName: '_$s10swiftCLOCK11AppDelegateCACycfcTo', symObjAddr: 0x4EB0, symBinAddr: 0x100007280, symSize: 0x20 }
  - { offset: 0xFA4D6, size: 0x8, addend: 0x0, symName: '_$sSo21NSAttributedStringKeyas21_ObjectiveCBridgeableSCsACP09_bridgeToD1C01_D5CTypeQzyFTW', symObjAddr: 0x51F0, symBinAddr: 0x1000075C0, symSize: 0x10 }
  - { offset: 0xFA554, size: 0x8, addend: 0x0, symName: '_$sSo21NSAttributedStringKeyas21_ObjectiveCBridgeableSCsACP016_forceBridgeFromD1C_6resulty01_D5CTypeQz_xSgztFZTW', symObjAddr: 0x5200, symBinAddr: 0x1000075D0, symSize: 0x70 }
  - { offset: 0xFA5F2, size: 0x8, addend: 0x0, symName: '_$sSo21NSAttributedStringKeyas21_ObjectiveCBridgeableSCsACP024_conditionallyBridgeFromD1C_6resultSb01_D5CTypeQz_xSgztFZTW', symObjAddr: 0x5270, symBinAddr: 0x100007640, symSize: 0x70 }
  - { offset: 0xFA690, size: 0x8, addend: 0x0, symName: '_$sSo21NSAttributedStringKeyas21_ObjectiveCBridgeableSCsACP026_unconditionallyBridgeFromD1Cyx01_D5CTypeQzSgFZTW', symObjAddr: 0x52E0, symBinAddr: 0x1000076B0, symSize: 0x40 }
  - { offset: 0xFA6FF, size: 0x8, addend: 0x0, symName: '_$sSo21NSAttributedStringKeyaSHSCSH9hashValueSivgTW', symObjAddr: 0x5320, symBinAddr: 0x1000076F0, symSize: 0x40 }
  - { offset: 0xFA76D, size: 0x8, addend: 0x0, symName: '_$sSo21NSAttributedStringKeyaSHSCSH4hash4intoys6HasherVz_tFTW', symObjAddr: 0x5360, symBinAddr: 0x100007730, symSize: 0x30 }
  - { offset: 0xFA7DB, size: 0x8, addend: 0x0, symName: '_$sSo21NSAttributedStringKeyaSHSCSH13_rawHashValue4seedS2i_tFTW', symObjAddr: 0x5390, symBinAddr: 0x100007760, symSize: 0x60 }
  - { offset: 0xFA842, size: 0x8, addend: 0x0, symName: '_$sSo21NSAttributedStringKeyaSYSCSY8rawValuexSg03RawE0Qz_tcfCTW', symObjAddr: 0x5460, symBinAddr: 0x100007830, symSize: 0x40 }
  - { offset: 0xFA86C, size: 0x8, addend: 0x0, symName: '_$sSo21NSAttributedStringKeyaSYSCSY8rawValue03RawE0QzvgTW', symObjAddr: 0x54A0, symBinAddr: 0x100007870, symSize: 0x20 }
  - { offset: 0xFA895, size: 0x8, addend: 0x0, symName: '_$sSo21NSAttributedStringKeyas35_HasCustomAnyHashableRepresentationSCsACP03_toefG0s0fG0VSgyFTW', symObjAddr: 0x54C0, symBinAddr: 0x100007890, symSize: 0x70 }
  - { offset: 0xFA8DE, size: 0x8, addend: 0x0, symName: '_$sSD17dictionaryLiteralSDyxq_Gx_q_td_tcfCSo21NSAttributedStringKeya_ypTt0g5Tf4g_n', symObjAddr: 0x5C00, symBinAddr: 0x100007FD0, symSize: 0xF0 }
  - { offset: 0xFAE19, size: 0x8, addend: 0x0, symName: '_$s10swiftCLOCK13ClockFaceViewC4drawyySo6CGRectVFTf4dn_n', symObjAddr: 0x5CF0, symBinAddr: 0x1000080C0, symSize: 0x1260 }
...
