---
triple:          'x86_64-apple-darwin'
binary-path:     '/Users/jzmfcz/Documents/swiftSUITE/swiftCLOCKv1/.build-x86_64/x86_64-apple-macosx/release/swiftCLOCK'
relocations:
  - { offset: 0xF47AD, size: 0x8, addend: 0x0, symName: _swiftCLOCK_main, symObjAddr: 0x0, symBinAddr: 0x1000023D0, symSize: 0x80 }
  - { offset: 0xF47E2, size: 0x8, addend: 0x0, symName: '_$s10swiftCLOCK11AppDelegateCMa', symObjAddr: 0x80, symBinAddr: 0x100002450, symSize: 0x20 }
  - { offset: 0xF4E7C, size: 0x8, addend: 0x0, symName: '_$s10swiftCLOCK13ClockFaceViewCfETo', symObjAddr: 0x1A70, symBinAddr: 0x100003E40, symSize: 0xB0 }
  - { offset: 0xF4EAB, size: 0x8, addend: 0x0, symName: '_$s10swiftCLOCK13ClockFaceViewCMU', symObjAddr: 0x1B20, symBinAddr: 0x100003EF0, symSize: 0x10 }
  - { offset: 0xF4EBF, size: 0x8, addend: 0x0, symName: '_$s10swiftCLOCK13ClockFaceViewCMa', symObjAddr: 0x1B30, symBinAddr: 0x100003F00, symSize: 0x30 }
  - { offset: 0xF4ED3, size: 0x8, addend: 0x0, symName: '_$s10swiftCLOCK13ClockFaceViewCMr', symObjAddr: 0x1B60, symBinAddr: 0x100003F30, symSize: 0xF0 }
  - { offset: 0xF4EE7, size: 0x8, addend: 0x0, symName: '_$s10swiftCLOCK13makeClockIcon4sizeSo7NSImageCSo6CGSizeV_tF', symObjAddr: 0x1C50, symBinAddr: 0x100004020, symSize: 0xE00 }
  - { offset: 0xF5488, size: 0x8, addend: 0x0, symName: '_$s10swiftCLOCK21AboutWindowControllerCMa', symObjAddr: 0x3370, symBinAddr: 0x100005740, symSize: 0x20 }
  - { offset: 0xF549C, size: 0x8, addend: 0x0, symName: '_$sSo7NSTimerCIeghg_ABIeyBhy_TR', symObjAddr: 0x3FE0, symBinAddr: 0x1000063B0, symSize: 0x50 }
  - { offset: 0xF54B4, size: 0x8, addend: 0x0, symName: '_$s10swiftCLOCK11AppDelegateCfETo', symObjAddr: 0x4610, symBinAddr: 0x1000069E0, symSize: 0x60 }
  - { offset: 0xF54E5, size: 0x8, addend: 0x0, symName: ___swift_memcpy16_8, symObjAddr: 0x4670, symBinAddr: 0x100006A40, symSize: 0x10 }
  - { offset: 0xF54F9, size: 0x8, addend: 0x0, symName: ___swift_noop_void_return, symObjAddr: 0x4680, symBinAddr: 0x100006A50, symSize: 0x10 }
  - { offset: 0xF550D, size: 0x8, addend: 0x0, symName: '_$sSo6CGRectVwCP', symObjAddr: 0x4700, symBinAddr: 0x100006AD0, symSize: 0x30 }
  - { offset: 0xF5521, size: 0x8, addend: 0x0, symName: ___swift_memcpy32_8, symObjAddr: 0x4730, symBinAddr: 0x100006B00, symSize: 0x20 }
  - { offset: 0xF5535, size: 0x8, addend: 0x0, symName: '_$sSo6CGRectVwet', symObjAddr: 0x4750, symBinAddr: 0x100006B20, symSize: 0x20 }
  - { offset: 0xF5549, size: 0x8, addend: 0x0, symName: '_$sSo6CGRectVwst', symObjAddr: 0x4770, symBinAddr: 0x100006B40, symSize: 0x30 }
  - { offset: 0xF555D, size: 0x8, addend: 0x0, symName: '_$s10swiftCLOCK13ClockFaceViewC11ResizeEdges33_B2D9EB01ACD0E8A2016F5DEE59612ED0LLVMa', symObjAddr: 0x47E0, symBinAddr: 0x100006BB0, symSize: 0x10 }
  - { offset: 0xF5571, size: 0x8, addend: 0x0, symName: '_$s10swiftCLOCK13ClockFaceViewC11ResizeEdges33_B2D9EB01ACD0E8A2016F5DEE59612ED0LLVs10SetAlgebraAASQWb', symObjAddr: 0x47F0, symBinAddr: 0x100006BC0, symSize: 0x10 }
  - { offset: 0xF5585, size: 0x8, addend: 0x0, symName: '_$s10swiftCLOCK13ClockFaceViewC11ResizeEdges33_B2D9EB01ACD0E8A2016F5DEE59612ED0LLVAFSQAAWl', symObjAddr: 0x4800, symBinAddr: 0x100006BD0, symSize: 0x30 }
  - { offset: 0xF5599, size: 0x8, addend: 0x0, symName: '_$s10swiftCLOCK13ClockFaceViewC11ResizeEdges33_B2D9EB01ACD0E8A2016F5DEE59612ED0LLVs10SetAlgebraAAs25ExpressibleByArrayLiteralPWb', symObjAddr: 0x4830, symBinAddr: 0x100006C00, symSize: 0x10 }
  - { offset: 0xF55AD, size: 0x8, addend: 0x0, symName: '_$s10swiftCLOCK13ClockFaceViewC11ResizeEdges33_B2D9EB01ACD0E8A2016F5DEE59612ED0LLVAFs25ExpressibleByArrayLiteralAAWl', symObjAddr: 0x4840, symBinAddr: 0x100006C10, symSize: 0x30 }
  - { offset: 0xF55C1, size: 0x8, addend: 0x0, symName: '_$s10swiftCLOCK13ClockFaceViewC11ResizeEdges33_B2D9EB01ACD0E8A2016F5DEE59612ED0LLVs9OptionSetAASYWb', symObjAddr: 0x4870, symBinAddr: 0x100006C40, symSize: 0x10 }
  - { offset: 0xF55D5, size: 0x8, addend: 0x0, symName: '_$s10swiftCLOCK13ClockFaceViewC11ResizeEdges33_B2D9EB01ACD0E8A2016F5DEE59612ED0LLVAFSYAAWl', symObjAddr: 0x4880, symBinAddr: 0x100006C50, symSize: 0x30 }
  - { offset: 0xF55E9, size: 0x8, addend: 0x0, symName: '_$s10swiftCLOCK13ClockFaceViewC11ResizeEdges33_B2D9EB01ACD0E8A2016F5DEE59612ED0LLVs9OptionSetAAs0R7AlgebraPWb', symObjAddr: 0x48B0, symBinAddr: 0x100006C80, symSize: 0x10 }
  - { offset: 0xF55FD, size: 0x8, addend: 0x0, symName: '_$s10swiftCLOCK13ClockFaceViewC11ResizeEdges33_B2D9EB01ACD0E8A2016F5DEE59612ED0LLVAFs10SetAlgebraAAWl', symObjAddr: 0x48C0, symBinAddr: 0x100006C90, symSize: 0x30 }
  - { offset: 0xF56CE, size: 0x8, addend: 0x0, symName: '_$s10swiftCLOCK11AppDelegateC29applicationDidFinishLaunchingyy10Foundation12NotificationVFySo7NSTimerCYbcfU_TA', symObjAddr: 0x4C50, symBinAddr: 0x100007020, symSize: 0x80 }
  - { offset: 0xF570E, size: 0x8, addend: 0x0, symName: _block_copy_helper, symObjAddr: 0x4CD0, symBinAddr: 0x1000070A0, symSize: 0x20 }
  - { offset: 0xF5722, size: 0x8, addend: 0x0, symName: _block_destroy_helper, symObjAddr: 0x4CF0, symBinAddr: 0x1000070C0, symSize: 0x10 }
  - { offset: 0xF5741, size: 0x8, addend: 0x0, symName: '_$ss12_ArrayBufferV19_getElementSlowPathyyXlSiFSo14NSTrackingAreaC_Tg5', symObjAddr: 0x4D00, symBinAddr: 0x1000070D0, symSize: 0x1F0 }
  - { offset: 0xF57DE, size: 0x8, addend: 0x0, symName: '_$ss22__RawDictionaryStorageC4findys10_HashTableV6BucketV6bucket_Sb5foundtxSHRzlFSo21NSAttributedStringKeya_Tg5', symObjAddr: 0x4EF0, symBinAddr: 0x1000072C0, symSize: 0x80 }
  - { offset: 0xF5867, size: 0x8, addend: 0x0, symName: '_$ss22__RawDictionaryStorageC4find_9hashValues10_HashTableV6BucketV6bucket_Sb5foundtx_SitSHRzlFSo21NSAttributedStringKeya_Tg5', symObjAddr: 0x4F70, symBinAddr: 0x100007340, symSize: 0x100 }
  - { offset: 0xF599C, size: 0x8, addend: 0x0, symName: '_$sSh21_nonEmptyArrayLiteralShyxGSayxG_tcfC10Foundation8CalendarV9ComponentO_Tt0g5Tf4g_n', symObjAddr: 0x5070, symBinAddr: 0x100007440, symSize: 0x290 }
  - { offset: 0xF5B52, size: 0x8, addend: 0x0, symName: ___swift_instantiateConcreteTypeFromMangledNameV2, symObjAddr: 0x6540, symBinAddr: 0x100008910, symSize: 0x40 }
  - { offset: 0xF5B66, size: 0x8, addend: 0x0, symName: '_$sSo21NSAttributedStringKeya_yptWOc', symObjAddr: 0x65D0, symBinAddr: 0x1000089A0, symSize: 0x40 }
  - { offset: 0xF5B7A, size: 0x8, addend: 0x0, symName: '_$sypWOb', symObjAddr: 0x6610, symBinAddr: 0x1000089E0, symSize: 0x20 }
  - { offset: 0xF5B8E, size: 0x8, addend: 0x0, symName: '_$sSo21NSAttributedStringKeyas20_SwiftNewtypeWrapperSCSYWb', symObjAddr: 0x6690, symBinAddr: 0x100008A60, symSize: 0x20 }
  - { offset: 0xF5BA2, size: 0x8, addend: 0x0, symName: '_$sSo21NSAttributedStringKeyas20_SwiftNewtypeWrapperSCs35_HasCustomAnyHashableRepresentationPWb', symObjAddr: 0x66B0, symBinAddr: 0x100008A80, symSize: 0x20 }
  - { offset: 0xF5BB6, size: 0x8, addend: 0x0, symName: '_$sSo21NSAttributedStringKeyaSHSCSQWb', symObjAddr: 0x66D0, symBinAddr: 0x100008AA0, symSize: 0x20 }
  - { offset: 0xF5FFC, size: 0x8, addend: 0x0, symName: '_$s10swiftCLOCK13ClockFaceViewC11ResizeEdges33_B2D9EB01ACD0E8A2016F5DEE59612ED0LLVSQAASQ2eeoiySbx_xtFZTW', symObjAddr: 0x280, symBinAddr: 0x100002650, symSize: 0x10 }
  - { offset: 0xF6339, size: 0x8, addend: 0x0, symName: '_$sSo21NSAttributedStringKeyaSQSCSQ2eeoiySbx_xtFZTW', symObjAddr: 0x4AF0, symBinAddr: 0x100006EC0, symSize: 0x70 }
  - { offset: 0xF658E, size: 0x8, addend: 0x0, symName: '_$s10swiftCLOCK13ClockFaceViewC11ResizeEdges33_B2D9EB01ACD0E8A2016F5DEE59612ED0LLVs9OptionSetAAsAGP8rawValuex03RawT0Qz_tcfCTW', symObjAddr: 0xA0, symBinAddr: 0x100002470, symSize: 0x10 }
  - { offset: 0xF65A2, size: 0x8, addend: 0x0, symName: '_$s10swiftCLOCK13ClockFaceViewC11ResizeEdges33_B2D9EB01ACD0E8A2016F5DEE59612ED0LLVSYAASY8rawValuexSg03RawR0Qz_tcfCTW', symObjAddr: 0xB0, symBinAddr: 0x100002480, symSize: 0x10 }
  - { offset: 0xF65B6, size: 0x8, addend: 0x0, symName: '_$s10swiftCLOCK13ClockFaceViewC11ResizeEdges33_B2D9EB01ACD0E8A2016F5DEE59612ED0LLVSYAASY8rawValue03RawR0QzvgTW', symObjAddr: 0xC0, symBinAddr: 0x100002490, symSize: 0x10 }
  - { offset: 0xF65CA, size: 0x8, addend: 0x0, symName: '_$s10swiftCLOCK13ClockFaceViewC11ResizeEdges33_B2D9EB01ACD0E8A2016F5DEE59612ED0LLVs10SetAlgebraAAsAGPxycfCTW', symObjAddr: 0xD0, symBinAddr: 0x1000024A0, symSize: 0x10 }
  - { offset: 0xF65FE, size: 0x8, addend: 0x0, symName: '_$s10swiftCLOCK13ClockFaceViewC11ResizeEdges33_B2D9EB01ACD0E8A2016F5DEE59612ED0LLVs10SetAlgebraAAsAGP5unionyxxnFTW', symObjAddr: 0xE0, symBinAddr: 0x1000024B0, symSize: 0x10 }
  - { offset: 0xF667B, size: 0x8, addend: 0x0, symName: '_$s10swiftCLOCK13ClockFaceViewC11ResizeEdges33_B2D9EB01ACD0E8A2016F5DEE59612ED0LLVs10SetAlgebraAAsAGP12intersectionyxxFTW', symObjAddr: 0xF0, symBinAddr: 0x1000024C0, symSize: 0x10 }
  - { offset: 0xF66F8, size: 0x8, addend: 0x0, symName: '_$s10swiftCLOCK13ClockFaceViewC11ResizeEdges33_B2D9EB01ACD0E8A2016F5DEE59612ED0LLVs10SetAlgebraAAsAGP19symmetricDifferenceyxxnFTW', symObjAddr: 0x100, symBinAddr: 0x1000024D0, symSize: 0x10 }
  - { offset: 0xF67A3, size: 0x8, addend: 0x0, symName: '_$s10swiftCLOCK13ClockFaceViewC11ResizeEdges33_B2D9EB01ACD0E8A2016F5DEE59612ED0LLVs10SetAlgebraAAsAGP6insertySb8inserted_7ElementQz17memberAfterInserttALnFTW', symObjAddr: 0x110, symBinAddr: 0x1000024E0, symSize: 0x30 }
  - { offset: 0xF68D4, size: 0x8, addend: 0x0, symName: '_$s10swiftCLOCK13ClockFaceViewC11ResizeEdges33_B2D9EB01ACD0E8A2016F5DEE59612ED0LLVs10SetAlgebraAAsAGP6removey7ElementQzSgAKFTW', symObjAddr: 0x140, symBinAddr: 0x100002510, symSize: 0x30 }
  - { offset: 0xF69E9, size: 0x8, addend: 0x0, symName: '_$s10swiftCLOCK13ClockFaceViewC11ResizeEdges33_B2D9EB01ACD0E8A2016F5DEE59612ED0LLVs10SetAlgebraAAsAGP6update4with7ElementQzSgALn_tFTW', symObjAddr: 0x170, symBinAddr: 0x100002540, symSize: 0x30 }
  - { offset: 0xF6ACD, size: 0x8, addend: 0x0, symName: '_$s10swiftCLOCK13ClockFaceViewC11ResizeEdges33_B2D9EB01ACD0E8A2016F5DEE59612ED0LLVs10SetAlgebraAAsAGP9formUnionyyxnFTW', symObjAddr: 0x1A0, symBinAddr: 0x100002570, symSize: 0x10 }
  - { offset: 0xF6B0B, size: 0x8, addend: 0x0, symName: '_$s10swiftCLOCK13ClockFaceViewC11ResizeEdges33_B2D9EB01ACD0E8A2016F5DEE59612ED0LLVs10SetAlgebraAAsAGP16formIntersectionyyxFTW', symObjAddr: 0x1B0, symBinAddr: 0x100002580, symSize: 0x10 }
  - { offset: 0xF6B49, size: 0x8, addend: 0x0, symName: '_$s10swiftCLOCK13ClockFaceViewC11ResizeEdges33_B2D9EB01ACD0E8A2016F5DEE59612ED0LLVs10SetAlgebraAAsAGP23formSymmetricDifferenceyyxnFTW', symObjAddr: 0x1C0, symBinAddr: 0x100002590, symSize: 0x10 }
  - { offset: 0xF6B95, size: 0x8, addend: 0x0, symName: '_$s10swiftCLOCK13ClockFaceViewC11ResizeEdges33_B2D9EB01ACD0E8A2016F5DEE59612ED0LLVs10SetAlgebraAAsAGP11subtractingyxxFTW', symObjAddr: 0x1D0, symBinAddr: 0x1000025A0, symSize: 0x20 }
  - { offset: 0xF6C27, size: 0x8, addend: 0x0, symName: '_$s10swiftCLOCK13ClockFaceViewC11ResizeEdges33_B2D9EB01ACD0E8A2016F5DEE59612ED0LLVs10SetAlgebraAAsAGP8isSubset2ofSbx_tFTW', symObjAddr: 0x1F0, symBinAddr: 0x1000025C0, symSize: 0x20 }
  - { offset: 0xF6C96, size: 0x8, addend: 0x0, symName: '_$s10swiftCLOCK13ClockFaceViewC11ResizeEdges33_B2D9EB01ACD0E8A2016F5DEE59612ED0LLVs10SetAlgebraAAsAGP10isDisjoint4withSbx_tFTW', symObjAddr: 0x210, symBinAddr: 0x1000025E0, symSize: 0x10 }
  - { offset: 0xF6D28, size: 0x8, addend: 0x0, symName: '_$s10swiftCLOCK13ClockFaceViewC11ResizeEdges33_B2D9EB01ACD0E8A2016F5DEE59612ED0LLVs10SetAlgebraAAsAGP10isSuperset2ofSbx_tFTW', symObjAddr: 0x220, symBinAddr: 0x1000025F0, symSize: 0x20 }
  - { offset: 0xF6DBA, size: 0x8, addend: 0x0, symName: '_$s10swiftCLOCK13ClockFaceViewC11ResizeEdges33_B2D9EB01ACD0E8A2016F5DEE59612ED0LLVs10SetAlgebraAAsAGP7isEmptySbvgTW', symObjAddr: 0x240, symBinAddr: 0x100002610, symSize: 0x10 }
  - { offset: 0xF6E2D, size: 0x8, addend: 0x0, symName: '_$s10swiftCLOCK13ClockFaceViewC11ResizeEdges33_B2D9EB01ACD0E8A2016F5DEE59612ED0LLVs10SetAlgebraAAsAGPyxqd__ncSTRd__7ElementQyd__AIRtzlufCTW', symObjAddr: 0x250, symBinAddr: 0x100002620, symSize: 0x20 }
  - { offset: 0xF6E41, size: 0x8, addend: 0x0, symName: '_$s10swiftCLOCK13ClockFaceViewC11ResizeEdges33_B2D9EB01ACD0E8A2016F5DEE59612ED0LLVs10SetAlgebraAAsAGP8subtractyyxFTW', symObjAddr: 0x270, symBinAddr: 0x100002640, symSize: 0x10 }
  - { offset: 0xF6ED9, size: 0x8, addend: 0x0, symName: '_$s10swiftCLOCK13ClockFaceViewC11ResizeEdges33_B2D9EB01ACD0E8A2016F5DEE59612ED0LLVs25ExpressibleByArrayLiteralAAsAGP05arrayT0x0sT7ElementQzd_tcfCTW', symObjAddr: 0x290, symBinAddr: 0x100002660, symSize: 0x90 }
  - { offset: 0xF7025, size: 0x8, addend: 0x0, symName: '_$s10swiftCLOCK13ClockFaceViewC9isFlippedSbvgTo', symObjAddr: 0x320, symBinAddr: 0x1000026F0, symSize: 0x10 }
  - { offset: 0xF74E7, size: 0x8, addend: 0x0, symName: '_$s10swiftCLOCK13ClockFaceViewC19updateTrackingAreasyyF', symObjAddr: 0x330, symBinAddr: 0x100002700, symSize: 0x210 }
  - { offset: 0xF76EC, size: 0x8, addend: 0x0, symName: '_$s10swiftCLOCK13ClockFaceViewC19updateTrackingAreasyyFTo', symObjAddr: 0x540, symBinAddr: 0x100002910, symSize: 0x30 }
  - { offset: 0xF7719, size: 0x8, addend: 0x0, symName: '_$s10swiftCLOCK13ClockFaceViewC12mouseEntered4withySo7NSEventC_tFTo', symObjAddr: 0x570, symBinAddr: 0x100002940, symSize: 0x30 }
  - { offset: 0xF7760, size: 0x8, addend: 0x0, symName: '_$s10swiftCLOCK13ClockFaceViewC11mouseExited4withySo7NSEventC_tFTo', symObjAddr: 0x5A0, symBinAddr: 0x100002970, symSize: 0x90 }
  - { offset: 0xF7834, size: 0x8, addend: 0x0, symName: '_$s10swiftCLOCK13ClockFaceViewC10mouseMoved4withySo7NSEventC_tF', symObjAddr: 0x630, symBinAddr: 0x100002A00, symSize: 0x190 }
  - { offset: 0xF7B57, size: 0x8, addend: 0x0, symName: '_$s10swiftCLOCK13ClockFaceViewC10mouseMoved4withySo7NSEventC_tFTo', symObjAddr: 0x7C0, symBinAddr: 0x100002B90, symSize: 0x50 }
  - { offset: 0xF7B6B, size: 0x8, addend: 0x0, symName: '_$s10swiftCLOCK13ClockFaceViewC9mouseDown4withySo7NSEventC_tF', symObjAddr: 0x810, symBinAddr: 0x100002BE0, symSize: 0x200 }
  - { offset: 0xF7C89, size: 0x8, addend: 0x0, symName: '_$s10swiftCLOCK13ClockFaceViewC9mouseDown4withySo7NSEventC_tFTo', symObjAddr: 0xA10, symBinAddr: 0x100002DE0, symSize: 0x50 }
  - { offset: 0xF7CAB, size: 0x8, addend: 0x0, symName: '_$s10swiftCLOCK13ClockFaceViewC12mouseDragged4withySo7NSEventC_tF', symObjAddr: 0xA60, symBinAddr: 0x100002E30, symSize: 0x460 }
  - { offset: 0xF80B9, size: 0x8, addend: 0x0, symName: '_$s10swiftCLOCK13ClockFaceViewC12mouseDragged4withySo7NSEventC_tFTo', symObjAddr: 0xEC0, symBinAddr: 0x100003290, symSize: 0x50 }
  - { offset: 0xF80E1, size: 0x8, addend: 0x0, symName: '_$s10swiftCLOCK13ClockFaceViewC7mouseUp4withySo7NSEventC_tFTo', symObjAddr: 0xF10, symBinAddr: 0x1000032E0, symSize: 0x20 }
  - { offset: 0xF814D, size: 0x8, addend: 0x0, symName: '_$s10swiftCLOCK13ClockFaceViewC15showContextMenu33_B2D9EB01ACD0E8A2016F5DEE59612ED0LL4withySo7NSEventC_tF', symObjAddr: 0xF30, symBinAddr: 0x100003300, symSize: 0x420 }
  - { offset: 0xF831C, size: 0x8, addend: 0x0, symName: '_$s10swiftCLOCK13ClockFaceViewC14rightMouseDown4withySo7NSEventC_tFTo', symObjAddr: 0x1350, symBinAddr: 0x100003720, symSize: 0x50 }
  - { offset: 0xF834D, size: 0x8, addend: 0x0, symName: '_$s10swiftCLOCK13ClockFaceViewC4drawyySo6CGRectVFTo', symObjAddr: 0x13A0, symBinAddr: 0x100003770, symSize: 0x30 }
  - { offset: 0xF83CD, size: 0x8, addend: 0x0, symName: '_$s10swiftCLOCK13ClockFaceViewC5frameACSo6CGRectV_tcfc', symObjAddr: 0x13D0, symBinAddr: 0x1000037A0, symSize: 0x330 }
  - { offset: 0xF84C5, size: 0x8, addend: 0x0, symName: '_$s10swiftCLOCK13ClockFaceViewC5frameACSo6CGRectV_tcfcTo', symObjAddr: 0x1700, symBinAddr: 0x100003AD0, symSize: 0x30 }
  - { offset: 0xF84D9, size: 0x8, addend: 0x0, symName: '_$s10swiftCLOCK13ClockFaceViewC5coderACSgSo7NSCoderC_tcfc', symObjAddr: 0x1730, symBinAddr: 0x100003B00, symSize: 0x310 }
  - { offset: 0xF85D1, size: 0x8, addend: 0x0, symName: '_$s10swiftCLOCK13ClockFaceViewC5coderACSgSo7NSCoderC_tcfcTo', symObjAddr: 0x1A40, symBinAddr: 0x100003E10, symSize: 0x30 }
  - { offset: 0xF86C3, size: 0x8, addend: 0x0, symName: '_$s10swiftCLOCK21AboutWindowControllerC7appName7tagline7version4iconACSS_S2SSo7NSImageCtcfC', symObjAddr: 0x2A50, symBinAddr: 0x100004E20, symSize: 0x860 }
  - { offset: 0xF89D3, size: 0x8, addend: 0x0, symName: '_$s10swiftCLOCK21AboutWindowControllerC6windowACSo8NSWindowCSg_tcfcTo', symObjAddr: 0x32B0, symBinAddr: 0x100005680, symSize: 0x40 }
  - { offset: 0xF8A35, size: 0x8, addend: 0x0, symName: '_$s10swiftCLOCK21AboutWindowControllerC5coderACSgSo7NSCoderC_tcfcTo', symObjAddr: 0x32F0, symBinAddr: 0x1000056C0, symSize: 0x80 }
  - { offset: 0xF8BBE, size: 0x8, addend: 0x0, symName: '_$s10swiftCLOCK11AppDelegateC29applicationDidFinishLaunchingyy10Foundation12NotificationVF', symObjAddr: 0x3390, symBinAddr: 0x100005760, symSize: 0xC50 }
  - { offset: 0xF902E, size: 0x8, addend: 0x0, symName: '_$s10swiftCLOCK11AppDelegateC29applicationDidFinishLaunchingyy10Foundation12NotificationVFTo', symObjAddr: 0x4030, symBinAddr: 0x100006400, symSize: 0x80 }
  - { offset: 0xF9042, size: 0x8, addend: 0x0, symName: '_$s10swiftCLOCK11AppDelegateC12resizeWindow33_B2D9EB01ACD0E8A2016F5DEE59612ED0LL7byDeltay12CoreGraphics7CGFloatV_tF', symObjAddr: 0x40B0, symBinAddr: 0x100006480, symSize: 0x1E0 }
  - { offset: 0xF91AC, size: 0x8, addend: 0x0, symName: '_$s10swiftCLOCK11AppDelegateC9growClockyyFTo', symObjAddr: 0x4290, symBinAddr: 0x100006660, symSize: 0x30 }
  - { offset: 0xF91EC, size: 0x8, addend: 0x0, symName: '_$s10swiftCLOCK11AppDelegateC11shrinkClockyyFTo', symObjAddr: 0x42C0, symBinAddr: 0x100006690, symSize: 0x30 }
  - { offset: 0xF9246, size: 0x8, addend: 0x0, symName: '_$s10swiftCLOCK11AppDelegateC15toggleColorModeyyF', symObjAddr: 0x42F0, symBinAddr: 0x1000066C0, symSize: 0x80 }
  - { offset: 0xF92C0, size: 0x8, addend: 0x0, symName: '_$s10swiftCLOCK11AppDelegateC15toggleColorModeyyFTo', symObjAddr: 0x4370, symBinAddr: 0x100006740, symSize: 0x30 }
  - { offset: 0xF9319, size: 0x8, addend: 0x0, symName: '_$s10swiftCLOCK11AppDelegateC14showAboutPanel33_B2D9EB01ACD0E8A2016F5DEE59612ED0LLyyF', symObjAddr: 0x43A0, symBinAddr: 0x100006770, symSize: 0x120 }
  - { offset: 0xF9387, size: 0x8, addend: 0x0, symName: '_$s10swiftCLOCK11AppDelegateC14showAboutPanel33_B2D9EB01ACD0E8A2016F5DEE59612ED0LLyyFTo', symObjAddr: 0x44C0, symBinAddr: 0x100006890, symSize: 0x30 }
  - { offset: 0xF939B, size: 0x8, addend: 0x0, symName: '_$s10swiftCLOCK11AppDelegateC47applicationShouldTerminateAfterLastWindowClosedySbSo13NSApplicationCFTo', symObjAddr: 0x44F0, symBinAddr: 0x1000068C0, symSize: 0x10 }
  - { offset: 0xF93AF, size: 0x8, addend: 0x0, symName: '_$s10swiftCLOCK11AppDelegateCACycfc', symObjAddr: 0x4500, symBinAddr: 0x1000068D0, symSize: 0xB0 }
  - { offset: 0xF93D5, size: 0x8, addend: 0x0, symName: '_$s10swiftCLOCK11AppDelegateCACycfcTo', symObjAddr: 0x45B0, symBinAddr: 0x100006980, symSize: 0x20 }
  - { offset: 0xF940E, size: 0x8, addend: 0x0, symName: '_$sSo21NSAttributedStringKeyas21_ObjectiveCBridgeableSCsACP09_bridgeToD1C01_D5CTypeQzyFTW', symObjAddr: 0x48F0, symBinAddr: 0x100006CC0, symSize: 0x10 }
  - { offset: 0xF948C, size: 0x8, addend: 0x0, symName: '_$sSo21NSAttributedStringKeyas21_ObjectiveCBridgeableSCsACP016_forceBridgeFromD1C_6resulty01_D5CTypeQz_xSgztFZTW', symObjAddr: 0x4900, symBinAddr: 0x100006CD0, symSize: 0x70 }
  - { offset: 0xF952A, size: 0x8, addend: 0x0, symName: '_$sSo21NSAttributedStringKeyas21_ObjectiveCBridgeableSCsACP024_conditionallyBridgeFromD1C_6resultSb01_D5CTypeQz_xSgztFZTW', symObjAddr: 0x4970, symBinAddr: 0x100006D40, symSize: 0x70 }
  - { offset: 0xF95C8, size: 0x8, addend: 0x0, symName: '_$sSo21NSAttributedStringKeyas21_ObjectiveCBridgeableSCsACP026_unconditionallyBridgeFromD1Cyx01_D5CTypeQzSgFZTW', symObjAddr: 0x49E0, symBinAddr: 0x100006DB0, symSize: 0x40 }
  - { offset: 0xF9637, size: 0x8, addend: 0x0, symName: '_$sSo21NSAttributedStringKeyaSHSCSH9hashValueSivgTW', symObjAddr: 0x4A20, symBinAddr: 0x100006DF0, symSize: 0x40 }
  - { offset: 0xF96A5, size: 0x8, addend: 0x0, symName: '_$sSo21NSAttributedStringKeyaSHSCSH4hash4intoys6HasherVz_tFTW', symObjAddr: 0x4A60, symBinAddr: 0x100006E30, symSize: 0x30 }
  - { offset: 0xF9713, size: 0x8, addend: 0x0, symName: '_$sSo21NSAttributedStringKeyaSHSCSH13_rawHashValue4seedS2i_tFTW', symObjAddr: 0x4A90, symBinAddr: 0x100006E60, symSize: 0x60 }
  - { offset: 0xF977A, size: 0x8, addend: 0x0, symName: '_$sSo21NSAttributedStringKeyaSYSCSY8rawValuexSg03RawE0Qz_tcfCTW', symObjAddr: 0x4B60, symBinAddr: 0x100006F30, symSize: 0x40 }
  - { offset: 0xF97A4, size: 0x8, addend: 0x0, symName: '_$sSo21NSAttributedStringKeyaSYSCSY8rawValue03RawE0QzvgTW', symObjAddr: 0x4BA0, symBinAddr: 0x100006F70, symSize: 0x20 }
  - { offset: 0xF97CD, size: 0x8, addend: 0x0, symName: '_$sSo21NSAttributedStringKeyas35_HasCustomAnyHashableRepresentationSCsACP03_toefG0s0fG0VSgyFTW', symObjAddr: 0x4BC0, symBinAddr: 0x100006F90, symSize: 0x70 }
  - { offset: 0xF9813, size: 0x8, addend: 0x0, symName: '_$sSD17dictionaryLiteralSDyxq_Gx_q_td_tcfCSo21NSAttributedStringKeya_ypTt0g5Tf4g_n', symObjAddr: 0x5300, symBinAddr: 0x1000076D0, symSize: 0xF0 }
  - { offset: 0xF9DAC, size: 0x8, addend: 0x0, symName: '_$s10swiftCLOCK13ClockFaceViewC4drawyySo6CGRectVFTf4dn_n', symObjAddr: 0x53F0, symBinAddr: 0x1000077C0, symSize: 0x1150 }
...
