---
triple:          'arm64-apple-darwin'
binary-path:     '/Users/jzmfcz/Documents/swiftSUITE/swiftCLOCKv2/.build-arm64/arm64-apple-macosx/release/swiftCLOCK'
relocations:
  - { offset: 0xF1C68, size: 0x8, addend: 0x0, symName: _swiftCLOCK_main, symObjAddr: 0x0, symBinAddr: 0x100002274, symSize: 0x68 }
  - { offset: 0xF1C9D, size: 0x8, addend: 0x0, symName: '_$s10swiftCLOCK11AppDelegateCMa', symObjAddr: 0x68, symBinAddr: 0x1000022DC, symSize: 0x20 }
  - { offset: 0xF2412, size: 0x8, addend: 0x0, symName: '_$s10swiftCLOCK13ClockFaceViewCfETo', symObjAddr: 0x1D4C, symBinAddr: 0x100003FC0, symSize: 0xBC }
  - { offset: 0xF2441, size: 0x8, addend: 0x0, symName: '_$s10swiftCLOCK13ClockFaceViewCMU', symObjAddr: 0x1E08, symBinAddr: 0x10000407C, symSize: 0x8 }
  - { offset: 0xF2455, size: 0x8, addend: 0x0, symName: '_$s10swiftCLOCK13ClockFaceViewCMa', symObjAddr: 0x1E10, symBinAddr: 0x100004084, symSize: 0x38 }
  - { offset: 0xF2469, size: 0x8, addend: 0x0, symName: '_$s10swiftCLOCK13ClockFaceViewCMr', symObjAddr: 0x1E48, symBinAddr: 0x1000040BC, symSize: 0xC0 }
  - { offset: 0xF247D, size: 0x8, addend: 0x0, symName: '_$s10swiftCLOCK13makeClockIcon4sizeSo7NSImageCSo6CGSizeV_tF', symObjAddr: 0x1F08, symBinAddr: 0x10000417C, symSize: 0x93C }
  - { offset: 0xF2A56, size: 0x8, addend: 0x0, symName: '_$s10swiftCLOCK21AboutWindowControllerCMa', symObjAddr: 0x2F40, symBinAddr: 0x1000051B4, symSize: 0x20 }
  - { offset: 0xF2A6A, size: 0x8, addend: 0x0, symName: '_$sSo7NSTimerCIeghg_ABIeyBhy_TR', symObjAddr: 0x3958, symBinAddr: 0x100005BCC, symSize: 0x4C }
  - { offset: 0xF2A82, size: 0x8, addend: 0x0, symName: '_$s10swiftCLOCK11AppDelegateCfETo', symObjAddr: 0x3ED8, symBinAddr: 0x10000614C, symSize: 0x68 }
  - { offset: 0xF2AB3, size: 0x8, addend: 0x0, symName: ___swift_memcpy16_8, symObjAddr: 0x3F40, symBinAddr: 0x1000061B4, symSize: 0xC }
  - { offset: 0xF2AC7, size: 0x8, addend: 0x0, symName: ___swift_noop_void_return, symObjAddr: 0x3F4C, symBinAddr: 0x1000061C0, symSize: 0x4 }
  - { offset: 0xF2ADB, size: 0x8, addend: 0x0, symName: '_$sSo6CGRectVwCP', symObjAddr: 0x3FAC, symBinAddr: 0x100006220, symSize: 0x2C }
  - { offset: 0xF2AEF, size: 0x8, addend: 0x0, symName: ___swift_memcpy32_8, symObjAddr: 0x3FD8, symBinAddr: 0x10000624C, symSize: 0xC }
  - { offset: 0xF2B03, size: 0x8, addend: 0x0, symName: '_$sSo6CGRectVwet', symObjAddr: 0x3FE4, symBinAddr: 0x100006258, symSize: 0x20 }
  - { offset: 0xF2B17, size: 0x8, addend: 0x0, symName: '_$sSo6CGRectVwst', symObjAddr: 0x4004, symBinAddr: 0x100006278, symSize: 0x2C }
  - { offset: 0xF2B2B, size: 0x8, addend: 0x0, symName: '_$s10swiftCLOCK13ClockFaceViewC11ResizeEdges33_B2D9EB01ACD0E8A2016F5DEE59612ED0LLVMa', symObjAddr: 0x4058, symBinAddr: 0x1000062CC, symSize: 0x10 }
  - { offset: 0xF2B3F, size: 0x8, addend: 0x0, symName: '_$s10swiftCLOCK13ClockFaceViewC11ResizeEdges33_B2D9EB01ACD0E8A2016F5DEE59612ED0LLVs10SetAlgebraAASQWb', symObjAddr: 0x4068, symBinAddr: 0x1000062DC, symSize: 0x4 }
  - { offset: 0xF2B53, size: 0x8, addend: 0x0, symName: '_$s10swiftCLOCK13ClockFaceViewC11ResizeEdges33_B2D9EB01ACD0E8A2016F5DEE59612ED0LLVAFSQAAWl', symObjAddr: 0x406C, symBinAddr: 0x1000062E0, symSize: 0x40 }
  - { offset: 0xF2B67, size: 0x8, addend: 0x0, symName: '_$s10swiftCLOCK13ClockFaceViewC11ResizeEdges33_B2D9EB01ACD0E8A2016F5DEE59612ED0LLVs10SetAlgebraAAs25ExpressibleByArrayLiteralPWb', symObjAddr: 0x40AC, symBinAddr: 0x100006320, symSize: 0x4 }
  - { offset: 0xF2B7B, size: 0x8, addend: 0x0, symName: '_$s10swiftCLOCK13ClockFaceViewC11ResizeEdges33_B2D9EB01ACD0E8A2016F5DEE59612ED0LLVAFs25ExpressibleByArrayLiteralAAWl', symObjAddr: 0x40B0, symBinAddr: 0x100006324, symSize: 0x40 }
  - { offset: 0xF2B8F, size: 0x8, addend: 0x0, symName: '_$s10swiftCLOCK13ClockFaceViewC11ResizeEdges33_B2D9EB01ACD0E8A2016F5DEE59612ED0LLVs9OptionSetAASYWb', symObjAddr: 0x40F0, symBinAddr: 0x100006364, symSize: 0x4 }
  - { offset: 0xF2BA3, size: 0x8, addend: 0x0, symName: '_$s10swiftCLOCK13ClockFaceViewC11ResizeEdges33_B2D9EB01ACD0E8A2016F5DEE59612ED0LLVAFSYAAWl', symObjAddr: 0x40F4, symBinAddr: 0x100006368, symSize: 0x40 }
  - { offset: 0xF2BB7, size: 0x8, addend: 0x0, symName: '_$s10swiftCLOCK13ClockFaceViewC11ResizeEdges33_B2D9EB01ACD0E8A2016F5DEE59612ED0LLVs9OptionSetAAs0R7AlgebraPWb', symObjAddr: 0x4134, symBinAddr: 0x1000063A8, symSize: 0x4 }
  - { offset: 0xF2BCB, size: 0x8, addend: 0x0, symName: '_$s10swiftCLOCK13ClockFaceViewC11ResizeEdges33_B2D9EB01ACD0E8A2016F5DEE59612ED0LLVAFs10SetAlgebraAAWl', symObjAddr: 0x4138, symBinAddr: 0x1000063AC, symSize: 0x40 }
  - { offset: 0xF2C9C, size: 0x8, addend: 0x0, symName: '_$s10swiftCLOCK11AppDelegateC29applicationDidFinishLaunchingyy10Foundation12NotificationVFySo7NSTimerCYbcfU_TA', symObjAddr: 0x4530, symBinAddr: 0x1000067A4, symSize: 0x88 }
  - { offset: 0xF2CD2, size: 0x8, addend: 0x0, symName: _block_copy_helper, symObjAddr: 0x45B8, symBinAddr: 0x10000682C, symSize: 0x14 }
  - { offset: 0xF2CE6, size: 0x8, addend: 0x0, symName: _block_destroy_helper, symObjAddr: 0x45CC, symBinAddr: 0x100006840, symSize: 0x8 }
  - { offset: 0xF2D05, size: 0x8, addend: 0x0, symName: '_$ss12_ArrayBufferV19_getElementSlowPathyyXlSiFSo14NSTrackingAreaC_Tg5', symObjAddr: 0x45D4, symBinAddr: 0x100006848, symSize: 0x1C4 }
  - { offset: 0xF2D86, size: 0x8, addend: 0x0, symName: '_$ss22__RawDictionaryStorageC4findys10_HashTableV6BucketV6bucket_Sb5foundtxSHRzlFSo21NSAttributedStringKeya_Tg5', symObjAddr: 0x4798, symBinAddr: 0x100006A0C, symSize: 0x80 }
  - { offset: 0xF2E0F, size: 0x8, addend: 0x0, symName: '_$ss22__RawDictionaryStorageC4find_9hashValues10_HashTableV6BucketV6bucket_Sb5foundtx_SitSHRzlFSo21NSAttributedStringKeya_Tg5', symObjAddr: 0x4818, symBinAddr: 0x100006A8C, symSize: 0xF8 }
  - { offset: 0xF2F2B, size: 0x8, addend: 0x0, symName: '_$sSh21_nonEmptyArrayLiteralShyxGSayxG_tcfC10Foundation8CalendarV9ComponentO_Tt0g5Tf4g_n', symObjAddr: 0x4910, symBinAddr: 0x100006B84, symSize: 0x2A8 }
  - { offset: 0xF30C7, size: 0x8, addend: 0x0, symName: ___swift_instantiateConcreteTypeFromMangledNameV2, symObjAddr: 0x5AE4, symBinAddr: 0x100007D58, symSize: 0x50 }
  - { offset: 0xF30DB, size: 0x8, addend: 0x0, symName: '_$sSo21NSAttributedStringKeya_yptWOc', symObjAddr: 0x5B8C, symBinAddr: 0x100007E00, symSize: 0x50 }
  - { offset: 0xF30EF, size: 0x8, addend: 0x0, symName: '_$sypWOb', symObjAddr: 0x5BDC, symBinAddr: 0x100007E50, symSize: 0x10 }
  - { offset: 0xF3103, size: 0x8, addend: 0x0, symName: '_$sS2Ss7CVarArg10FoundationWl', symObjAddr: 0x5BEC, symBinAddr: 0x100007E60, symSize: 0x40 }
  - { offset: 0xF3117, size: 0x8, addend: 0x0, symName: '_$sSo21NSAttributedStringKeyas20_SwiftNewtypeWrapperSCSYWb', symObjAddr: 0x5CAC, symBinAddr: 0x100007F20, symSize: 0x2C }
  - { offset: 0xF312B, size: 0x8, addend: 0x0, symName: '_$sSo21NSAttributedStringKeyas20_SwiftNewtypeWrapperSCs35_HasCustomAnyHashableRepresentationPWb', symObjAddr: 0x5CD8, symBinAddr: 0x100007F4C, symSize: 0x2C }
  - { offset: 0xF313F, size: 0x8, addend: 0x0, symName: '_$sSo21NSAttributedStringKeyaSHSCSQWb', symObjAddr: 0x5D04, symBinAddr: 0x100007F78, symSize: 0x2C }
  - { offset: 0xF3585, size: 0x8, addend: 0x0, symName: '_$s10swiftCLOCK13ClockFaceViewC11ResizeEdges33_B2D9EB01ACD0E8A2016F5DEE59612ED0LLVSQAASQ2eeoiySbx_xtFZTW', symObjAddr: 0x230, symBinAddr: 0x1000024A4, symSize: 0x14 }
  - { offset: 0xF39FF, size: 0x8, addend: 0x0, symName: '_$sSo21NSAttributedStringKeyaSQSCSQ2eeoiySbx_xtFZTW', symObjAddr: 0x4398, symBinAddr: 0x10000660C, symSize: 0x84 }
  - { offset: 0xF3BC3, size: 0x8, addend: 0x0, symName: '_$s10swiftCLOCK13ClockFaceViewC11ResizeEdges33_B2D9EB01ACD0E8A2016F5DEE59612ED0LLVs9OptionSetAAsAGP8rawValuex03RawT0Qz_tcfCTW', symObjAddr: 0x88, symBinAddr: 0x1000022FC, symSize: 0xC }
  - { offset: 0xF3BD7, size: 0x8, addend: 0x0, symName: '_$s10swiftCLOCK13ClockFaceViewC11ResizeEdges33_B2D9EB01ACD0E8A2016F5DEE59612ED0LLVSYAASY8rawValuexSg03RawR0Qz_tcfCTW', symObjAddr: 0x94, symBinAddr: 0x100002308, symSize: 0x10 }
  - { offset: 0xF3BEB, size: 0x8, addend: 0x0, symName: '_$s10swiftCLOCK13ClockFaceViewC11ResizeEdges33_B2D9EB01ACD0E8A2016F5DEE59612ED0LLVSYAASY8rawValue03RawR0QzvgTW', symObjAddr: 0xA4, symBinAddr: 0x100002318, symSize: 0xC }
  - { offset: 0xF3BFF, size: 0x8, addend: 0x0, symName: '_$s10swiftCLOCK13ClockFaceViewC11ResizeEdges33_B2D9EB01ACD0E8A2016F5DEE59612ED0LLVs10SetAlgebraAAsAGPxycfCTW', symObjAddr: 0xB0, symBinAddr: 0x100002324, symSize: 0x8 }
  - { offset: 0xF3C33, size: 0x8, addend: 0x0, symName: '_$s10swiftCLOCK13ClockFaceViewC11ResizeEdges33_B2D9EB01ACD0E8A2016F5DEE59612ED0LLVs10SetAlgebraAAsAGP5unionyxxnFTW', symObjAddr: 0xB8, symBinAddr: 0x10000232C, symSize: 0x14 }
  - { offset: 0xF3CB0, size: 0x8, addend: 0x0, symName: '_$s10swiftCLOCK13ClockFaceViewC11ResizeEdges33_B2D9EB01ACD0E8A2016F5DEE59612ED0LLVs10SetAlgebraAAsAGP12intersectionyxxFTW', symObjAddr: 0xCC, symBinAddr: 0x100002340, symSize: 0x14 }
  - { offset: 0xF3D2D, size: 0x8, addend: 0x0, symName: '_$s10swiftCLOCK13ClockFaceViewC11ResizeEdges33_B2D9EB01ACD0E8A2016F5DEE59612ED0LLVs10SetAlgebraAAsAGP19symmetricDifferenceyxxnFTW', symObjAddr: 0xE0, symBinAddr: 0x100002354, symSize: 0x14 }
  - { offset: 0xF3DD8, size: 0x8, addend: 0x0, symName: '_$s10swiftCLOCK13ClockFaceViewC11ResizeEdges33_B2D9EB01ACD0E8A2016F5DEE59612ED0LLVs10SetAlgebraAAsAGP6insertySb8inserted_7ElementQz17memberAfterInserttALnFTW', symObjAddr: 0xF4, symBinAddr: 0x100002368, symSize: 0x20 }
  - { offset: 0xF3F02, size: 0x8, addend: 0x0, symName: '_$s10swiftCLOCK13ClockFaceViewC11ResizeEdges33_B2D9EB01ACD0E8A2016F5DEE59612ED0LLVs10SetAlgebraAAsAGP6removey7ElementQzSgAKFTW', symObjAddr: 0x114, symBinAddr: 0x100002388, symSize: 0x30 }
  - { offset: 0xF4025, size: 0x8, addend: 0x0, symName: '_$s10swiftCLOCK13ClockFaceViewC11ResizeEdges33_B2D9EB01ACD0E8A2016F5DEE59612ED0LLVs10SetAlgebraAAsAGP6update4with7ElementQzSgALn_tFTW', symObjAddr: 0x144, symBinAddr: 0x1000023B8, symSize: 0x24 }
  - { offset: 0xF4110, size: 0x8, addend: 0x0, symName: '_$s10swiftCLOCK13ClockFaceViewC11ResizeEdges33_B2D9EB01ACD0E8A2016F5DEE59612ED0LLVs10SetAlgebraAAsAGP9formUnionyyxnFTW', symObjAddr: 0x168, symBinAddr: 0x1000023DC, symSize: 0x14 }
  - { offset: 0xF4176, size: 0x8, addend: 0x0, symName: '_$s10swiftCLOCK13ClockFaceViewC11ResizeEdges33_B2D9EB01ACD0E8A2016F5DEE59612ED0LLVs10SetAlgebraAAsAGP16formIntersectionyyxFTW', symObjAddr: 0x17C, symBinAddr: 0x1000023F0, symSize: 0x14 }
  - { offset: 0xF41DC, size: 0x8, addend: 0x0, symName: '_$s10swiftCLOCK13ClockFaceViewC11ResizeEdges33_B2D9EB01ACD0E8A2016F5DEE59612ED0LLVs10SetAlgebraAAsAGP23formSymmetricDifferenceyyxnFTW', symObjAddr: 0x190, symBinAddr: 0x100002404, symSize: 0x14 }
  - { offset: 0xF4249, size: 0x8, addend: 0x0, symName: '_$s10swiftCLOCK13ClockFaceViewC11ResizeEdges33_B2D9EB01ACD0E8A2016F5DEE59612ED0LLVs10SetAlgebraAAsAGP11subtractingyxxFTW', symObjAddr: 0x1A4, symBinAddr: 0x100002418, symSize: 0x14 }
  - { offset: 0xF42DB, size: 0x8, addend: 0x0, symName: '_$s10swiftCLOCK13ClockFaceViewC11ResizeEdges33_B2D9EB01ACD0E8A2016F5DEE59612ED0LLVs10SetAlgebraAAsAGP8isSubset2ofSbx_tFTW', symObjAddr: 0x1B8, symBinAddr: 0x10000242C, symSize: 0x14 }
  - { offset: 0xF434A, size: 0x8, addend: 0x0, symName: '_$s10swiftCLOCK13ClockFaceViewC11ResizeEdges33_B2D9EB01ACD0E8A2016F5DEE59612ED0LLVs10SetAlgebraAAsAGP10isDisjoint4withSbx_tFTW', symObjAddr: 0x1CC, symBinAddr: 0x100002440, symSize: 0x14 }
  - { offset: 0xF43DC, size: 0x8, addend: 0x0, symName: '_$s10swiftCLOCK13ClockFaceViewC11ResizeEdges33_B2D9EB01ACD0E8A2016F5DEE59612ED0LLVs10SetAlgebraAAsAGP10isSuperset2ofSbx_tFTW', symObjAddr: 0x1E0, symBinAddr: 0x100002454, symSize: 0x14 }
  - { offset: 0xF446E, size: 0x8, addend: 0x0, symName: '_$s10swiftCLOCK13ClockFaceViewC11ResizeEdges33_B2D9EB01ACD0E8A2016F5DEE59612ED0LLVs10SetAlgebraAAsAGP7isEmptySbvgTW', symObjAddr: 0x1F4, symBinAddr: 0x100002468, symSize: 0x10 }
  - { offset: 0xF44E1, size: 0x8, addend: 0x0, symName: '_$s10swiftCLOCK13ClockFaceViewC11ResizeEdges33_B2D9EB01ACD0E8A2016F5DEE59612ED0LLVs10SetAlgebraAAsAGPyxqd__ncSTRd__7ElementQyd__AIRtzlufCTW', symObjAddr: 0x204, symBinAddr: 0x100002478, symSize: 0x18 }
  - { offset: 0xF44F5, size: 0x8, addend: 0x0, symName: '_$s10swiftCLOCK13ClockFaceViewC11ResizeEdges33_B2D9EB01ACD0E8A2016F5DEE59612ED0LLVs10SetAlgebraAAsAGP8subtractyyxFTW', symObjAddr: 0x21C, symBinAddr: 0x100002490, symSize: 0x14 }
  - { offset: 0xF4594, size: 0x8, addend: 0x0, symName: '_$s10swiftCLOCK13ClockFaceViewC11ResizeEdges33_B2D9EB01ACD0E8A2016F5DEE59612ED0LLVs25ExpressibleByArrayLiteralAAsAGP05arrayT0x0sT7ElementQzd_tcfCTW', symObjAddr: 0x244, symBinAddr: 0x1000024B8, symSize: 0xC4 }
  - { offset: 0xF46CB, size: 0x8, addend: 0x0, symName: '_$s10swiftCLOCK13ClockFaceViewC9isFlippedSbvgTo', symObjAddr: 0x308, symBinAddr: 0x10000257C, symSize: 0x8 }
  - { offset: 0xF4B94, size: 0x8, addend: 0x0, symName: '_$s10swiftCLOCK13ClockFaceViewC19updateTrackingAreasyyF', symObjAddr: 0x310, symBinAddr: 0x100002584, symSize: 0x1CC }
  - { offset: 0xF4D79, size: 0x8, addend: 0x0, symName: '_$s10swiftCLOCK13ClockFaceViewC19updateTrackingAreasyyFTo', symObjAddr: 0x4DC, symBinAddr: 0x100002750, symSize: 0x28 }
  - { offset: 0xF4DA6, size: 0x8, addend: 0x0, symName: '_$s10swiftCLOCK13ClockFaceViewC12mouseEntered4withySo7NSEventC_tFTo', symObjAddr: 0x504, symBinAddr: 0x100002778, symSize: 0x18 }
  - { offset: 0xF4DBE, size: 0x8, addend: 0x0, symName: '_$s10swiftCLOCK13ClockFaceViewC12mouseEntered4withySo7NSEventC_tFTo', symObjAddr: 0x504, symBinAddr: 0x100002778, symSize: 0x18 }
  - { offset: 0xF4DED, size: 0x8, addend: 0x0, symName: '_$s10swiftCLOCK13ClockFaceViewC11mouseExited4withySo7NSEventC_tFTo', symObjAddr: 0x51C, symBinAddr: 0x100002790, symSize: 0x74 }
  - { offset: 0xF4EC1, size: 0x8, addend: 0x0, symName: '_$s10swiftCLOCK13ClockFaceViewC10mouseMoved4withySo7NSEventC_tF', symObjAddr: 0x590, symBinAddr: 0x100002804, symSize: 0x11C }
  - { offset: 0xF4FD0, size: 0x8, addend: 0x0, symName: '_$s10swiftCLOCK13ClockFaceViewC10mouseMoved4withySo7NSEventC_tFTo', symObjAddr: 0x6AC, symBinAddr: 0x100002920, symSize: 0x50 }
  - { offset: 0xF4FE4, size: 0x8, addend: 0x0, symName: '_$s10swiftCLOCK13ClockFaceViewC9mouseDown4withySo7NSEventC_tF', symObjAddr: 0x6FC, symBinAddr: 0x100002970, symSize: 0x15C }
  - { offset: 0xF50B2, size: 0x8, addend: 0x0, symName: '_$s10swiftCLOCK13ClockFaceViewC9mouseDown4withySo7NSEventC_tFTo', symObjAddr: 0x858, symBinAddr: 0x100002ACC, symSize: 0x50 }
  - { offset: 0xF50D4, size: 0x8, addend: 0x0, symName: '_$s10swiftCLOCK13ClockFaceViewC12mouseDragged4withySo7NSEventC_tF', symObjAddr: 0x8A8, symBinAddr: 0x100002B1C, symSize: 0x290 }
  - { offset: 0xF52DE, size: 0x8, addend: 0x0, symName: '_$s10swiftCLOCK13ClockFaceViewC12mouseDragged4withySo7NSEventC_tFTo', symObjAddr: 0xB38, symBinAddr: 0x100002DAC, symSize: 0x50 }
  - { offset: 0xF5306, size: 0x8, addend: 0x0, symName: '_$s10swiftCLOCK13ClockFaceViewC7mouseUp4withySo7NSEventC_tFTo', symObjAddr: 0xB88, symBinAddr: 0x100002DFC, symSize: 0x10 }
  - { offset: 0xF531E, size: 0x8, addend: 0x0, symName: '_$s10swiftCLOCK13ClockFaceViewC7mouseUp4withySo7NSEventC_tFTo', symObjAddr: 0xB88, symBinAddr: 0x100002DFC, symSize: 0x10 }
  - { offset: 0xF5372, size: 0x8, addend: 0x0, symName: '_$s10swiftCLOCK13ClockFaceViewC15showContextMenu33_B2D9EB01ACD0E8A2016F5DEE59612ED0LL4withySo7NSEventC_tF', symObjAddr: 0xB98, symBinAddr: 0x100002E0C, symSize: 0x39C }
  - { offset: 0xF5541, size: 0x8, addend: 0x0, symName: '_$s10swiftCLOCK13ClockFaceViewC14rightMouseDown4withySo7NSEventC_tFTo', symObjAddr: 0xF34, symBinAddr: 0x1000031A8, symSize: 0x50 }
  - { offset: 0xF5742, size: 0x8, addend: 0x0, symName: '_$s10swiftCLOCK13ClockFaceViewC8drawDate33_B2D9EB01ACD0E8A2016F5DEE59612ED0LL6center6radius3nowySo7CGPointV_12CoreGraphics7CGFloatV10Foundation0G0VtF', symObjAddr: 0xF84, symBinAddr: 0x1000031F8, symSize: 0x4B8 }
  - { offset: 0xF5AAE, size: 0x8, addend: 0x0, symName: '_$s10swiftCLOCK13ClockFaceViewC4drawyySo6CGRectVFTo', symObjAddr: 0x143C, symBinAddr: 0x1000036B0, symSize: 0x28 }
  - { offset: 0xF5B0C, size: 0x8, addend: 0x0, symName: '_$s10swiftCLOCK13ClockFaceViewC15drawTrackingEye33_B2D9EB01ACD0E8A2016F5DEE59612ED0LL7eyeRect11mouseScreen6windowySo6CGRectV_So7CGPointVSo8NSWindowCtF', symObjAddr: 0x1464, symBinAddr: 0x1000036D8, symSize: 0x284 }
  - { offset: 0xF5EEC, size: 0x8, addend: 0x0, symName: '_$s10swiftCLOCK13ClockFaceViewC5frameACSo6CGRectV_tcfc', symObjAddr: 0x16E8, symBinAddr: 0x10000395C, symSize: 0x310 }
  - { offset: 0xF5FE4, size: 0x8, addend: 0x0, symName: '_$s10swiftCLOCK13ClockFaceViewC5frameACSo6CGRectV_tcfcTo', symObjAddr: 0x19F8, symBinAddr: 0x100003C6C, symSize: 0x20 }
  - { offset: 0xF5FF8, size: 0x8, addend: 0x0, symName: '_$s10swiftCLOCK13ClockFaceViewC5coderACSgSo7NSCoderC_tcfc', symObjAddr: 0x1A18, symBinAddr: 0x100003C8C, symSize: 0x30C }
  - { offset: 0xF60F0, size: 0x8, addend: 0x0, symName: '_$s10swiftCLOCK13ClockFaceViewC5coderACSgSo7NSCoderC_tcfcTo', symObjAddr: 0x1D24, symBinAddr: 0x100003F98, symSize: 0x28 }
  - { offset: 0xF61C6, size: 0x8, addend: 0x0, symName: '_$s10swiftCLOCK21AboutWindowControllerC7appName7tagline7version4iconACSS_S2SSo7NSImageCtcfC', symObjAddr: 0x2844, symBinAddr: 0x100004AB8, symSize: 0x638 }
  - { offset: 0xF64D3, size: 0x8, addend: 0x0, symName: '_$s10swiftCLOCK21AboutWindowControllerC6windowACSo8NSWindowCSg_tcfcTo', symObjAddr: 0x2E7C, symBinAddr: 0x1000050F0, symSize: 0x44 }
  - { offset: 0xF6535, size: 0x8, addend: 0x0, symName: '_$s10swiftCLOCK21AboutWindowControllerC5coderACSgSo7NSCoderC_tcfcTo', symObjAddr: 0x2EC0, symBinAddr: 0x100005134, symSize: 0x80 }
  - { offset: 0xF6668, size: 0x8, addend: 0x0, symName: '_$s10swiftCLOCK11AppDelegateC29applicationDidFinishLaunchingyy10Foundation12NotificationVF', symObjAddr: 0x2F60, symBinAddr: 0x1000051D4, symSize: 0x9F8 }
  - { offset: 0xF6AEC, size: 0x8, addend: 0x0, symName: '_$s10swiftCLOCK11AppDelegateC29applicationDidFinishLaunchingyy10Foundation12NotificationVFTo', symObjAddr: 0x39A4, symBinAddr: 0x100005C18, symSize: 0xA0 }
  - { offset: 0xF6B00, size: 0x8, addend: 0x0, symName: '_$s10swiftCLOCK11AppDelegateC12resizeWindow33_B2D9EB01ACD0E8A2016F5DEE59612ED0LL7byDeltay12CoreGraphics7CGFloatV_tF', symObjAddr: 0x3A44, symBinAddr: 0x100005CB8, symSize: 0x16C }
  - { offset: 0xF6CAC, size: 0x8, addend: 0x0, symName: '_$s10swiftCLOCK11AppDelegateC9growClockyyFTo', symObjAddr: 0x3BB0, symBinAddr: 0x100005E24, symSize: 0x2C }
  - { offset: 0xF6CEC, size: 0x8, addend: 0x0, symName: '_$s10swiftCLOCK11AppDelegateC11shrinkClockyyFTo', symObjAddr: 0x3BDC, symBinAddr: 0x100005E50, symSize: 0x2C }
  - { offset: 0xF6D46, size: 0x8, addend: 0x0, symName: '_$s10swiftCLOCK11AppDelegateC15toggleColorModeyyF', symObjAddr: 0x3C08, symBinAddr: 0x100005E7C, symSize: 0x88 }
  - { offset: 0xF6DC2, size: 0x8, addend: 0x0, symName: '_$s10swiftCLOCK11AppDelegateC15toggleColorModeyyFTo', symObjAddr: 0x3C90, symBinAddr: 0x100005F04, symSize: 0x28 }
  - { offset: 0xF6DE8, size: 0x8, addend: 0x0, symName: '_$s10swiftCLOCK11AppDelegateC14showAboutPanel33_B2D9EB01ACD0E8A2016F5DEE59612ED0LLyyF', symObjAddr: 0x3CB8, symBinAddr: 0x100005F2C, symSize: 0xFC }
  - { offset: 0xF6E58, size: 0x8, addend: 0x0, symName: '_$s10swiftCLOCK11AppDelegateC14showAboutPanel33_B2D9EB01ACD0E8A2016F5DEE59612ED0LLyyFTo', symObjAddr: 0x3DB4, symBinAddr: 0x100006028, symSize: 0x28 }
  - { offset: 0xF6E6C, size: 0x8, addend: 0x0, symName: '_$s10swiftCLOCK11AppDelegateC47applicationShouldTerminateAfterLastWindowClosedySbSo13NSApplicationCFTo', symObjAddr: 0x3DDC, symBinAddr: 0x100006050, symSize: 0x8 }
  - { offset: 0xF6E80, size: 0x8, addend: 0x0, symName: '_$s10swiftCLOCK11AppDelegateCACycfc', symObjAddr: 0x3DE4, symBinAddr: 0x100006058, symSize: 0x9C }
  - { offset: 0xF6EA6, size: 0x8, addend: 0x0, symName: '_$s10swiftCLOCK11AppDelegateCACycfcTo', symObjAddr: 0x3E80, symBinAddr: 0x1000060F4, symSize: 0x20 }
  - { offset: 0xF6EDF, size: 0x8, addend: 0x0, symName: '_$sSo21NSAttributedStringKeyas21_ObjectiveCBridgeableSCsACP09_bridgeToD1C01_D5CTypeQzyFTW', symObjAddr: 0x4178, symBinAddr: 0x1000063EC, symSize: 0x8 }
  - { offset: 0xF6F5D, size: 0x8, addend: 0x0, symName: '_$sSo21NSAttributedStringKeyas21_ObjectiveCBridgeableSCsACP016_forceBridgeFromD1C_6resulty01_D5CTypeQz_xSgztFZTW', symObjAddr: 0x4180, symBinAddr: 0x1000063F4, symSize: 0x74 }
  - { offset: 0xF6FFB, size: 0x8, addend: 0x0, symName: '_$sSo21NSAttributedStringKeyas21_ObjectiveCBridgeableSCsACP024_conditionallyBridgeFromD1C_6resultSb01_D5CTypeQz_xSgztFZTW', symObjAddr: 0x41F4, symBinAddr: 0x100006468, symSize: 0x7C }
  - { offset: 0xF7099, size: 0x8, addend: 0x0, symName: '_$sSo21NSAttributedStringKeyas21_ObjectiveCBridgeableSCsACP026_unconditionallyBridgeFromD1Cyx01_D5CTypeQzSgFZTW', symObjAddr: 0x4270, symBinAddr: 0x1000064E4, symSize: 0x40 }
  - { offset: 0xF7108, size: 0x8, addend: 0x0, symName: '_$sSo21NSAttributedStringKeyaSHSCSH9hashValueSivgTW', symObjAddr: 0x42B0, symBinAddr: 0x100006524, symSize: 0x38 }
  - { offset: 0xF7176, size: 0x8, addend: 0x0, symName: '_$sSo21NSAttributedStringKeyaSHSCSH4hash4intoys6HasherVz_tFTW', symObjAddr: 0x42E8, symBinAddr: 0x10000655C, symSize: 0x40 }
  - { offset: 0xF71E4, size: 0x8, addend: 0x0, symName: '_$sSo21NSAttributedStringKeyaSHSCSH13_rawHashValue4seedS2i_tFTW', symObjAddr: 0x4328, symBinAddr: 0x10000659C, symSize: 0x70 }
  - { offset: 0xF724B, size: 0x8, addend: 0x0, symName: '_$sSo21NSAttributedStringKeyaSYSCSY8rawValuexSg03RawE0Qz_tcfCTW', symObjAddr: 0x441C, symBinAddr: 0x100006690, symSize: 0x44 }
  - { offset: 0xF7275, size: 0x8, addend: 0x0, symName: '_$sSo21NSAttributedStringKeyaSYSCSY8rawValue03RawE0QzvgTW', symObjAddr: 0x4460, symBinAddr: 0x1000066D4, symSize: 0x28 }
  - { offset: 0xF729E, size: 0x8, addend: 0x0, symName: '_$sSo21NSAttributedStringKeyas35_HasCustomAnyHashableRepresentationSCsACP03_toefG0s0fG0VSgyFTW', symObjAddr: 0x4488, symBinAddr: 0x1000066FC, symSize: 0x84 }
  - { offset: 0xF72E7, size: 0x8, addend: 0x0, symName: '_$sSD17dictionaryLiteralSDyxq_Gx_q_td_tcfCSo21NSAttributedStringKeya_ypTt0g5Tf4g_n', symObjAddr: 0x4BB8, symBinAddr: 0x100006E2C, symSize: 0x104 }
  - { offset: 0xF7836, size: 0x8, addend: 0x0, symName: '_$s10swiftCLOCK13ClockFaceViewC4drawyySo6CGRectVFTf4dn_n', symObjAddr: 0x4CBC, symBinAddr: 0x100006F30, symSize: 0xE28 }
...
